
Microsoft Visual Studio Solution File, Format Version 12.00
# Visual Studio Version 16
VisualStudioVersion = 16.0.31005.135
MinimumVisualStudioVersion = 10.0.40219.1
Project("{9A19103F-16F7-4668-BE54-9A1E7A4F7556}") = "Web", "Web\Web.csproj", "{97093471-6BED-45F3-81B4-47D79A5F676B}"
EndProject
Project("{FAE04EC0-301F-11D3-BF4B-00C04F79EFBC}") = "Database", "Database\Database.csproj", "{0A63323C-6E7F-4C9C-B303-A6D85D1B82C6}"
EndProject
Project("{FAE04EC0-301F-11D3-BF4B-00C04F79EFBC}") = "Application", "Application\Application.csproj", "{0BE03E29-2C23-48B4-A1C1-567A6E488B44}"
EndProject
Project("{FAE04EC0-301F-11D3-BF4B-00C04F79EFBC}") = "Application.Shared", "Application.Shared\Application.Shared.csproj", "{51BDFCEE-2FAF-43CF-B403-F8DE213675E6}"
EndProject
Global
	GlobalSection(SolutionConfigurationPlatforms) = preSolution
		Debug|Any CPU = Debug|Any CPU
		Release|Any CPU = Release|Any CPU
	EndGlobalSection
	GlobalSection(ProjectConfigurationPlatforms) = postSolution
		{97093471-6BED-45F3-81B4-47D79A5F676B}.Debug|Any CPU.ActiveCfg = Debug|Any CPU
		{97093471-6BED-45F3-81B4-47D79A5F676B}.Debug|Any CPU.Build.0 = Debug|Any CPU
		{97093471-6BED-45F3-81B4-47D79A5F676B}.Release|Any CPU.ActiveCfg = Release|Any CPU
		{97093471-6BED-45F3-81B4-47D79A5F676B}.Release|Any CPU.Build.0 = Release|Any CPU
		{0A63323C-6E7F-4C9C-B303-A6D85D1B82C6}.Debug|Any CPU.ActiveCfg = Debug|Any CPU
		{0A63323C-6E7F-4C9C-B303-A6D85D1B82C6}.Debug|Any CPU.Build.0 = Debug|Any CPU
		{0A63323C-6E7F-4C9C-B303-A6D85D1B82C6}.Release|Any CPU.ActiveCfg = Release|Any CPU
		{0A63323C-6E7F-4C9C-B303-A6D85D1B82C6}.Release|Any CPU.Build.0 = Release|Any CPU
		{0BE03E29-2C23-48B4-A1C1-567A6E488B44}.Debug|Any CPU.ActiveCfg = Debug|Any CPU
		{0BE03E29-2C23-48B4-A1C1-567A6E488B44}.Debug|Any CPU.Build.0 = Debug|Any CPU
		{0BE03E29-2C23-48B4-A1C1-567A6E488B44}.Release|Any CPU.ActiveCfg = Release|Any CPU
		{0BE03E29-2C23-48B4-A1C1-567A6E488B44}.Release|Any CPU.Build.0 = Release|Any CPU
		{51BDFCEE-2FAF-43CF-B403-F8DE213675E6}.Debug|Any CPU.ActiveCfg = Debug|Any CPU
		{51BDFCEE-2FAF-43CF-B403-F8DE213675E6}.Debug|Any CPU.Build.0 = Debug|Any CPU
		{51BDFCEE-2FAF-43CF-B403-F8DE213675E6}.Release|Any CPU.ActiveCfg = Release|Any CPU
		{51BDFCEE-2FAF-43CF-B403-F8DE213675E6}.Release|Any CPU.Build.0 = Release|Any CPU
	EndGlobalSection
	GlobalSection(SolutionProperties) = preSolution
		HideSolutionNode = FALSE
	EndGlobalSection
	GlobalSection(ExtensibilityGlobals) = postSolution
		SolutionGuid = {6A24DF82-325C-40A6-A9DA-E256573A2C48}
	EndGlobalSection
EndGlobal
